PODS:
  - ASN1Swift (1.2.7)
  - mobile-mediainfo (25.04)
  - NewPopMenu (2.1.2)
  - Toast-Swift (5.1.1)
  - TPInAppReceipt (3.4.1):
    - TPInAppReceipt/Core (= 3.4.1)
  - TPInAppReceipt/Core (3.4.1):
    - ASN1Swift (~> 1.2.6)

DEPENDENCIES:
  - mobile-mediainfo (from `../`)
  - NewPopMenu
  - Toast-Swift
  - TPInAppReceipt

SPEC REPOS:
  trunk:
    - ASN1Swift
    - NewPopMenu
    - Toast-Swift
    - TPInAppReceipt

EXTERNAL SOURCES:
  mobile-mediainfo:
    :path: "../"

SPEC CHECKSUMS:
  ASN1Swift: bbd56c299b2084ba71bd7d7769c6202451598948
  mobile-mediainfo: 66bff4f83609fcc8463e279901c37b2bebae8496
  NewPopMenu: c6129e08e8192f6257ceb5f9a4357e1b59c6e2e7
  Toast-Swift: 7a03a532afe3a560d4044bc7c237e2864d295173
  TPInAppReceipt: 22dbc616bcd6c61672ebe062e60b6329a2af6323

PODFILE CHECKSUM: 222c88816ccb16238b3513f8b9027fabfe1e0219

COCOAPODS: 1.16.2
