// !$*UTF8*$!
{
	archiveVersion = 1;
	classes = {
	};
	objectVersion = 46;
	objects = {

/* Begin PBXBuildFile section */
		D6B977092426A681004D6608 /* AppDelegate.swift in Sources */ = {isa = PBXBuildFile; fileRef = D6B976F72426A680004D6608 /* AppDelegate.swift */; };
		D6B9770A2426A681004D6608 /* ReportsListViewController.swift in Sources */ = {isa = PBXBuildFile; fileRef = D6B976F82426A680004D6608 /* ReportsListViewController.swift */; };
		D6B9770B2426A681004D6608 /* ViewsController.swift in Sources */ = {isa = PBXBuildFile; fileRef = D6B976F92426A680004D6608 /* ViewsController.swift */; };
		D6B9770C2426A681004D6608 /* Assets.xcassets in Resources */ = {isa = PBXBuildFile; fileRef = D6B976FA2426A680004D6608 /* Assets.xcassets */; };
		D6B9770D2426A681004D6608 /* LaunchScreen.storyboard in Resources */ = {isa = PBXBuildFile; fileRef = D6B976FD2426A680004D6608 /* LaunchScreen.storyboard */; };
		D6B9770E2426A681004D6608 /* Main.storyboard in Resources */ = {isa = PBXBuildFile; fileRef = D6B976FF2426A680004D6608 /* Main.storyboard */; };
		D6B9770F2426A681004D6608 /* SubscribeViewController.swift in Sources */ = {isa = PBXBuildFile; fileRef = D6B977012426A680004D6608 /* SubscribeViewController.swift */; };
		D6B977102426A681004D6608 /* SubscriptionManager.swift in Sources */ = {isa = PBXBuildFile; fileRef = D6B977022426A680004D6608 /* SubscriptionManager.swift */; };
		D6B977112426A681004D6608 /* Core.swift in Sources */ = {isa = PBXBuildFile; fileRef = D6B977032426A680004D6608 /* Core.swift */; };
		D6B977122426A681004D6608 /* ReportViewController.swift in Sources */ = {isa = PBXBuildFile; fileRef = D6B977052426A681004D6608 /* ReportViewController.swift */; };
		D6B977132426A681004D6608 /* AboutViewController.swift in Sources */ = {isa = PBXBuildFile; fileRef = D6B977062426A681004D6608 /* AboutViewController.swift */; };
		D6B977142426A681004D6608 /* MediaInfo.xcdatamodeld in Sources */ = {isa = PBXBuildFile; fileRef = D6B977072426A681004D6608 /* MediaInfo.xcdatamodeld */; };
		DB9FC72E194070917341BC27 /* Pods_mobile_mediainfo_Example.framework in Frameworks */ = {isa = PBXBuildFile; fileRef = FF4FF367CB8A9B8AB55DE491 /* Pods_mobile_mediainfo_Example.framework */; };
/* End PBXBuildFile section */

/* Begin PBXFileReference section */
		0D7DDDA0A9592604DA563C71 /* Pods-mobile-mediainfo_Tests.debug.xcconfig */ = {isa = PBXFileReference; includeInIndex = 1; lastKnownFileType = text.xcconfig; name = "Pods-mobile-mediainfo_Tests.debug.xcconfig"; path = "Target Support Files/Pods-mobile-mediainfo_Tests/Pods-mobile-mediainfo_Tests.debug.xcconfig"; sourceTree = "<group>"; };
		230169CDA1668F83EB71D394 /* mobile-mediainfo.podspec */ = {isa = PBXFileReference; includeInIndex = 1; lastKnownFileType = text; name = "mobile-mediainfo.podspec"; path = "../mobile-mediainfo.podspec"; sourceTree = "<group>"; xcLanguageSpecificationIdentifier = xcode.lang.ruby; };
		422750425AA49484A15A3776 /* LICENSE */ = {isa = PBXFileReference; includeInIndex = 1; lastKnownFileType = text; name = LICENSE; path = ../LICENSE; sourceTree = "<group>"; };
		607FACD01AFB9204008FA782 /* mobile-mediainfo_Example.app */ = {isa = PBXFileReference; explicitFileType = wrapper.application; includeInIndex = 0; path = "mobile-mediainfo_Example.app"; sourceTree = BUILT_PRODUCTS_DIR; };
		607FACD41AFB9204008FA782 /* Info.plist */ = {isa = PBXFileReference; lastKnownFileType = text.plist.xml; path = Info.plist; sourceTree = "<group>"; };
		93720C576567C60F8ECD9582 /* Pods-mobile-mediainfo_Example.release.xcconfig */ = {isa = PBXFileReference; includeInIndex = 1; lastKnownFileType = text.xcconfig; name = "Pods-mobile-mediainfo_Example.release.xcconfig"; path = "Target Support Files/Pods-mobile-mediainfo_Example/Pods-mobile-mediainfo_Example.release.xcconfig"; sourceTree = "<group>"; };
		C72B76E7B115E1E4B4EF09C3 /* Pods-mobile-mediainfo_Example.debug.xcconfig */ = {isa = PBXFileReference; includeInIndex = 1; lastKnownFileType = text.xcconfig; name = "Pods-mobile-mediainfo_Example.debug.xcconfig"; path = "Target Support Files/Pods-mobile-mediainfo_Example/Pods-mobile-mediainfo_Example.debug.xcconfig"; sourceTree = "<group>"; };
		C86E86EFD67F4D2EC33E1A80 /* Pods-mobile-mediainfo_Tests.release.xcconfig */ = {isa = PBXFileReference; includeInIndex = 1; lastKnownFileType = text.xcconfig; name = "Pods-mobile-mediainfo_Tests.release.xcconfig"; path = "Target Support Files/Pods-mobile-mediainfo_Tests/Pods-mobile-mediainfo_Tests.release.xcconfig"; sourceTree = "<group>"; };
		D43DC2900866EC9A283E748A /* README.md */ = {isa = PBXFileReference; includeInIndex = 1; lastKnownFileType = net.daringfireball.markdown; name = README.md; path = ../README.md; sourceTree = "<group>"; };
		D6B976F72426A680004D6608 /* AppDelegate.swift */ = {isa = PBXFileReference; fileEncoding = 4; lastKnownFileType = sourcecode.swift; path = AppDelegate.swift; sourceTree = "<group>"; };
		D6B976F82426A680004D6608 /* ReportsListViewController.swift */ = {isa = PBXFileReference; fileEncoding = 4; lastKnownFileType = sourcecode.swift; path = ReportsListViewController.swift; sourceTree = "<group>"; };
		D6B976F92426A680004D6608 /* ViewsController.swift */ = {isa = PBXFileReference; fileEncoding = 4; lastKnownFileType = sourcecode.swift; path = ViewsController.swift; sourceTree = "<group>"; };
		D6B976FA2426A680004D6608 /* Assets.xcassets */ = {isa = PBXFileReference; lastKnownFileType = folder.assetcatalog; path = Assets.xcassets; sourceTree = "<group>"; };
		D6B976FB2426A680004D6608 /* MediaInfo.entitlements */ = {isa = PBXFileReference; fileEncoding = 4; lastKnownFileType = text.plist.entitlements; path = MediaInfo.entitlements; sourceTree = "<group>"; };
		D6B976FE2426A680004D6608 /* Base */ = {isa = PBXFileReference; lastKnownFileType = file.storyboard; name = Base; path = LaunchScreen.storyboard; sourceTree = "<group>"; };
		D6B977002426A680004D6608 /* Base */ = {isa = PBXFileReference; lastKnownFileType = file.storyboard; name = Base; path = Main.storyboard; sourceTree = "<group>"; };
		D6B977012426A680004D6608 /* SubscribeViewController.swift */ = {isa = PBXFileReference; fileEncoding = 4; lastKnownFileType = sourcecode.swift; path = SubscribeViewController.swift; sourceTree = "<group>"; };
		D6B977022426A680004D6608 /* SubscriptionManager.swift */ = {isa = PBXFileReference; fileEncoding = 4; lastKnownFileType = sourcecode.swift; path = SubscriptionManager.swift; sourceTree = "<group>"; };
		D6B977032426A680004D6608 /* Core.swift */ = {isa = PBXFileReference; fileEncoding = 4; lastKnownFileType = sourcecode.swift; path = Core.swift; sourceTree = "<group>"; };
		D6B977052426A681004D6608 /* ReportViewController.swift */ = {isa = PBXFileReference; fileEncoding = 4; lastKnownFileType = sourcecode.swift; path = ReportViewController.swift; sourceTree = "<group>"; };
		D6B977062426A681004D6608 /* AboutViewController.swift */ = {isa = PBXFileReference; fileEncoding = 4; lastKnownFileType = sourcecode.swift; path = AboutViewController.swift; sourceTree = "<group>"; };
		D6B977082426A681004D6608 /* MediaInfo.xcdatamodel */ = {isa = PBXFileReference; lastKnownFileType = wrapper.xcdatamodel; path = MediaInfo.xcdatamodel; sourceTree = "<group>"; };
		D6B977152426A731004D6608 /* BridgeHeader.h */ = {isa = PBXFileReference; lastKnownFileType = sourcecode.c.h; path = BridgeHeader.h; sourceTree = "<group>"; };
		ECF43F5B9CAD64C9111DF719 /* Pods_mobile_mediainfo_Tests.framework */ = {isa = PBXFileReference; explicitFileType = wrapper.framework; includeInIndex = 0; path = Pods_mobile_mediainfo_Tests.framework; sourceTree = BUILT_PRODUCTS_DIR; };
		FF4FF367CB8A9B8AB55DE491 /* Pods_mobile_mediainfo_Example.framework */ = {isa = PBXFileReference; explicitFileType = wrapper.framework; includeInIndex = 0; path = Pods_mobile_mediainfo_Example.framework; sourceTree = BUILT_PRODUCTS_DIR; };
/* End PBXFileReference section */

/* Begin PBXFrameworksBuildPhase section */
		607FACCD1AFB9204008FA782 /* Frameworks */ = {
			isa = PBXFrameworksBuildPhase;
			buildActionMask = 2147483647;
			files = (
				DB9FC72E194070917341BC27 /* Pods_mobile_mediainfo_Example.framework in Frameworks */,
			);
			runOnlyForDeploymentPostprocessing = 0;
		};
/* End PBXFrameworksBuildPhase section */

/* Begin PBXGroup section */
		607FACC71AFB9204008FA782 = {
			isa = PBXGroup;
			children = (
				607FACF51AFB993E008FA782 /* Podspec Metadata */,
				607FACD21AFB9204008FA782 /* Example for mobile-mediainfo */,
				607FACD11AFB9204008FA782 /* Products */,
				93D2BD758C2ABAA82D21381F /* Pods */,
				F91DFE2AF669F1A919907DF2 /* Frameworks */,
			);
			sourceTree = "<group>";
		};
		607FACD11AFB9204008FA782 /* Products */ = {
			isa = PBXGroup;
			children = (
				607FACD01AFB9204008FA782 /* mobile-mediainfo_Example.app */,
			);
			name = Products;
			sourceTree = "<group>";
		};
		607FACD21AFB9204008FA782 /* Example for mobile-mediainfo */ = {
			isa = PBXGroup;
			children = (
				D6B977062426A681004D6608 /* AboutViewController.swift */,
				D6B976F72426A680004D6608 /* AppDelegate.swift */,
				D6B976FA2426A680004D6608 /* Assets.xcassets */,
				D6B976FC2426A680004D6608 /* Base.lproj */,
				D6B977032426A680004D6608 /* Core.swift */,
				D6B976FB2426A680004D6608 /* MediaInfo.entitlements */,
				D6B977072426A681004D6608 /* MediaInfo.xcdatamodeld */,
				D6B976F82426A680004D6608 /* ReportsListViewController.swift */,
				D6B977052426A681004D6608 /* ReportViewController.swift */,
				D6B977012426A680004D6608 /* SubscribeViewController.swift */,
				D6B977022426A680004D6608 /* SubscriptionManager.swift */,
				D6B976F92426A680004D6608 /* ViewsController.swift */,
				607FACD31AFB9204008FA782 /* Supporting Files */,
				D6B977152426A731004D6608 /* BridgeHeader.h */,
			);
			name = "Example for mobile-mediainfo";
			path = "mobile-mediainfo";
			sourceTree = "<group>";
		};
		607FACD31AFB9204008FA782 /* Supporting Files */ = {
			isa = PBXGroup;
			children = (
				607FACD41AFB9204008FA782 /* Info.plist */,
			);
			name = "Supporting Files";
			sourceTree = "<group>";
		};
		607FACF51AFB993E008FA782 /* Podspec Metadata */ = {
			isa = PBXGroup;
			children = (
				230169CDA1668F83EB71D394 /* mobile-mediainfo.podspec */,
				D43DC2900866EC9A283E748A /* README.md */,
				422750425AA49484A15A3776 /* LICENSE */,
			);
			name = "Podspec Metadata";
			sourceTree = "<group>";
		};
		93D2BD758C2ABAA82D21381F /* Pods */ = {
			isa = PBXGroup;
			children = (
				C72B76E7B115E1E4B4EF09C3 /* Pods-mobile-mediainfo_Example.debug.xcconfig */,
				93720C576567C60F8ECD9582 /* Pods-mobile-mediainfo_Example.release.xcconfig */,
				0D7DDDA0A9592604DA563C71 /* Pods-mobile-mediainfo_Tests.debug.xcconfig */,
				C86E86EFD67F4D2EC33E1A80 /* Pods-mobile-mediainfo_Tests.release.xcconfig */,
			);
			path = Pods;
			sourceTree = "<group>";
		};
		D6B976FC2426A680004D6608 /* Base.lproj */ = {
			isa = PBXGroup;
			children = (
				D6B976FD2426A680004D6608 /* LaunchScreen.storyboard */,
				D6B976FF2426A680004D6608 /* Main.storyboard */,
			);
			path = Base.lproj;
			sourceTree = "<group>";
		};
		F91DFE2AF669F1A919907DF2 /* Frameworks */ = {
			isa = PBXGroup;
			children = (
				FF4FF367CB8A9B8AB55DE491 /* Pods_mobile_mediainfo_Example.framework */,
				ECF43F5B9CAD64C9111DF719 /* Pods_mobile_mediainfo_Tests.framework */,
			);
			name = Frameworks;
			sourceTree = "<group>";
		};
/* End PBXGroup section */

/* Begin PBXNativeTarget section */
		607FACCF1AFB9204008FA782 /* mobile-mediainfo_Example */ = {
			isa = PBXNativeTarget;
			buildConfigurationList = 607FACEF1AFB9204008FA782 /* Build configuration list for PBXNativeTarget "mobile-mediainfo_Example" */;
			buildPhases = (
				73C503A4429E98AEF197552B /* [CP] Check Pods Manifest.lock */,
				607FACCC1AFB9204008FA782 /* Sources */,
				607FACCD1AFB9204008FA782 /* Frameworks */,
				607FACCE1AFB9204008FA782 /* Resources */,
				B1C9B9EFF5CC880D0FD989B6 /* [CP] Embed Pods Frameworks */,
			);
			buildRules = (
			);
			dependencies = (
			);
			name = "mobile-mediainfo_Example";
			productName = "mobile-mediainfo";
			productReference = 607FACD01AFB9204008FA782 /* mobile-mediainfo_Example.app */;
			productType = "com.apple.product-type.application";
		};
/* End PBXNativeTarget section */

/* Begin PBXProject section */
		607FACC81AFB9204008FA782 /* Project object */ = {
			isa = PBXProject;
			attributes = {
				LastSwiftUpdateCheck = 0830;
				LastUpgradeCheck = 0830;
				ORGANIZATIONNAME = CocoaPods;
				TargetAttributes = {
					607FACCF1AFB9204008FA782 = {
						CreatedOnToolsVersion = 6.3.1;
						LastSwiftMigration = 1130;
					};
				};
			};
			buildConfigurationList = 607FACCB1AFB9204008FA782 /* Build configuration list for PBXProject "mobile-mediainfo" */;
			compatibilityVersion = "Xcode 3.2";
			developmentRegion = English;
			hasScannedForEncodings = 0;
			knownRegions = (
				English,
				en,
				Base,
			);
			mainGroup = 607FACC71AFB9204008FA782;
			productRefGroup = 607FACD11AFB9204008FA782 /* Products */;
			projectDirPath = "";
			projectRoot = "";
			targets = (
				607FACCF1AFB9204008FA782 /* mobile-mediainfo_Example */,
			);
		};
/* End PBXProject section */

/* Begin PBXResourcesBuildPhase section */
		607FACCE1AFB9204008FA782 /* Resources */ = {
			isa = PBXResourcesBuildPhase;
			buildActionMask = 2147483647;
			files = (
				D6B9770E2426A681004D6608 /* Main.storyboard in Resources */,
				D6B9770C2426A681004D6608 /* Assets.xcassets in Resources */,
				D6B9770D2426A681004D6608 /* LaunchScreen.storyboard in Resources */,
			);
			runOnlyForDeploymentPostprocessing = 0;
		};
/* End PBXResourcesBuildPhase section */

/* Begin PBXShellScriptBuildPhase section */
		73C503A4429E98AEF197552B /* [CP] Check Pods Manifest.lock */ = {
			isa = PBXShellScriptBuildPhase;
			buildActionMask = 2147483647;
			files = (
			);
			inputFileListPaths = (
			);
			inputPaths = (
				"${PODS_PODFILE_DIR_PATH}/Podfile.lock",
				"${PODS_ROOT}/Manifest.lock",
			);
			name = "[CP] Check Pods Manifest.lock";
			outputFileListPaths = (
			);
			outputPaths = (
				"$(DERIVED_FILE_DIR)/Pods-mobile-mediainfo_Example-checkManifestLockResult.txt",
			);
			runOnlyForDeploymentPostprocessing = 0;
			shellPath = /bin/sh;
			shellScript = "diff \"${PODS_PODFILE_DIR_PATH}/Podfile.lock\" \"${PODS_ROOT}/Manifest.lock\" > /dev/null\nif [ $? != 0 ] ; then\n    # print error to STDERR\n    echo \"error: The sandbox is not in sync with the Podfile.lock. Run 'pod install' or update your CocoaPods installation.\" >&2\n    exit 1\nfi\n# This output is used by Xcode 'outputs' to avoid re-running this script phase.\necho \"SUCCESS\" > \"${SCRIPT_OUTPUT_FILE_0}\"\n";
			showEnvVarsInLog = 0;
		};
		B1C9B9EFF5CC880D0FD989B6 /* [CP] Embed Pods Frameworks */ = {
			isa = PBXShellScriptBuildPhase;
			buildActionMask = 2147483647;
			files = (
			);
			inputPaths = (
				"${PODS_ROOT}/Target Support Files/Pods-mobile-mediainfo_Example/Pods-mobile-mediainfo_Example-frameworks.sh",
				"${BUILT_PRODUCTS_DIR}/ASN1Swift/ASN1Swift.framework",
				"${BUILT_PRODUCTS_DIR}/NewPopMenu/PopMenu.framework",
				"${BUILT_PRODUCTS_DIR}/TPInAppReceipt/TPInAppReceipt.framework",
				"${BUILT_PRODUCTS_DIR}/Toast-Swift/Toast_Swift.framework",
			);
			name = "[CP] Embed Pods Frameworks";
			outputPaths = (
				"${TARGET_BUILD_DIR}/${FRAMEWORKS_FOLDER_PATH}/ASN1Swift.framework",
				"${TARGET_BUILD_DIR}/${FRAMEWORKS_FOLDER_PATH}/PopMenu.framework",
				"${TARGET_BUILD_DIR}/${FRAMEWORKS_FOLDER_PATH}/TPInAppReceipt.framework",
				"${TARGET_BUILD_DIR}/${FRAMEWORKS_FOLDER_PATH}/Toast_Swift.framework",
			);
			runOnlyForDeploymentPostprocessing = 0;
			shellPath = /bin/sh;
			shellScript = "\"${PODS_ROOT}/Target Support Files/Pods-mobile-mediainfo_Example/Pods-mobile-mediainfo_Example-frameworks.sh\"\n";
			showEnvVarsInLog = 0;
		};
/* End PBXShellScriptBuildPhase section */

/* Begin PBXSourcesBuildPhase section */
		607FACCC1AFB9204008FA782 /* Sources */ = {
			isa = PBXSourcesBuildPhase;
			buildActionMask = 2147483647;
			files = (
				D6B977112426A681004D6608 /* Core.swift in Sources */,
				D6B9770B2426A681004D6608 /* ViewsController.swift in Sources */,
				D6B977102426A681004D6608 /* SubscriptionManager.swift in Sources */,
				D6B9770F2426A681004D6608 /* SubscribeViewController.swift in Sources */,
				D6B9770A2426A681004D6608 /* ReportsListViewController.swift in Sources */,
				D6B977092426A681004D6608 /* AppDelegate.swift in Sources */,
				D6B977132426A681004D6608 /* AboutViewController.swift in Sources */,
				D6B977122426A681004D6608 /* ReportViewController.swift in Sources */,
				D6B977142426A681004D6608 /* MediaInfo.xcdatamodeld in Sources */,
			);
			runOnlyForDeploymentPostprocessing = 0;
		};
/* End PBXSourcesBuildPhase section */

/* Begin PBXVariantGroup section */
		D6B976FD2426A680004D6608 /* LaunchScreen.storyboard */ = {
			isa = PBXVariantGroup;
			children = (
				D6B976FE2426A680004D6608 /* Base */,
			);
			name = LaunchScreen.storyboard;
			sourceTree = "<group>";
		};
		D6B976FF2426A680004D6608 /* Main.storyboard */ = {
			isa = PBXVariantGroup;
			children = (
				D6B977002426A680004D6608 /* Base */,
			);
			name = Main.storyboard;
			sourceTree = "<group>";
		};
/* End PBXVariantGroup section */

/* Begin XCBuildConfiguration section */
		607FACED1AFB9204008FA782 /* Debug */ = {
			isa = XCBuildConfiguration;
			buildSettings = {
				ALWAYS_SEARCH_USER_PATHS = NO;
				CLANG_CXX_LANGUAGE_STANDARD = "gnu++0x";
				CLANG_CXX_LIBRARY = "libc++";
				CLANG_ENABLE_MODULES = YES;
				CLANG_ENABLE_OBJC_ARC = YES;
				CLANG_WARN_BLOCK_CAPTURE_AUTORELEASING = YES;
				CLANG_WARN_BOOL_CONVERSION = YES;
				CLANG_WARN_COMMA = YES;
				CLANG_WARN_CONSTANT_CONVERSION = YES;
				CLANG_WARN_DIRECT_OBJC_ISA_USAGE = YES_ERROR;
				CLANG_WARN_EMPTY_BODY = YES;
				CLANG_WARN_ENUM_CONVERSION = YES;
				CLANG_WARN_INFINITE_RECURSION = YES;
				CLANG_WARN_INT_CONVERSION = YES;
				CLANG_WARN_NON_LITERAL_NULL_CONVERSION = YES;
				CLANG_WARN_OBJC_LITERAL_CONVERSION = YES;
				CLANG_WARN_OBJC_ROOT_CLASS = YES_ERROR;
				CLANG_WARN_RANGE_LOOP_ANALYSIS = YES;
				CLANG_WARN_STRICT_PROTOTYPES = YES;
				CLANG_WARN_SUSPICIOUS_MOVE = YES;
				CLANG_WARN_UNREACHABLE_CODE = YES;
				CLANG_WARN__DUPLICATE_METHOD_MATCH = YES;
				"CODE_SIGN_IDENTITY[sdk=iphoneos*]" = "iPhone Developer";
				COPY_PHASE_STRIP = NO;
				DEBUG_INFORMATION_FORMAT = "dwarf-with-dsym";
				ENABLE_STRICT_OBJC_MSGSEND = YES;
				ENABLE_TESTABILITY = YES;
				GCC_C_LANGUAGE_STANDARD = gnu99;
				GCC_DYNAMIC_NO_PIC = NO;
				GCC_NO_COMMON_BLOCKS = YES;
				GCC_OPTIMIZATION_LEVEL = 0;
				GCC_PREPROCESSOR_DEFINITIONS = (
					"DEBUG=1",
					"$(inherited)",
				);
				GCC_SYMBOLS_PRIVATE_EXTERN = NO;
				GCC_WARN_64_TO_32_BIT_CONVERSION = YES;
				GCC_WARN_ABOUT_RETURN_TYPE = YES_ERROR;
				GCC_WARN_UNDECLARED_SELECTOR = YES;
				GCC_WARN_UNINITIALIZED_AUTOS = YES_AGGRESSIVE;
				GCC_WARN_UNUSED_FUNCTION = YES;
				GCC_WARN_UNUSED_VARIABLE = YES;
				IPHONEOS_DEPLOYMENT_TARGET = 11.0;
				MTL_ENABLE_DEBUG_INFO = YES;
				ONLY_ACTIVE_ARCH = YES;
				SDKROOT = iphoneos;
				SWIFT_OPTIMIZATION_LEVEL = "-Onone";
			};
			name = Debug;
		};
		607FACEE1AFB9204008FA782 /* Release */ = {
			isa = XCBuildConfiguration;
			buildSettings = {
				ALWAYS_SEARCH_USER_PATHS = NO;
				CLANG_CXX_LANGUAGE_STANDARD = "gnu++0x";
				CLANG_CXX_LIBRARY = "libc++";
				CLANG_ENABLE_MODULES = YES;
				CLANG_ENABLE_OBJC_ARC = YES;
				CLANG_WARN_BLOCK_CAPTURE_AUTORELEASING = YES;
				CLANG_WARN_BOOL_CONVERSION = YES;
				CLANG_WARN_COMMA = YES;
				CLANG_WARN_CONSTANT_CONVERSION = YES;
				CLANG_WARN_DIRECT_OBJC_ISA_USAGE = YES_ERROR;
				CLANG_WARN_EMPTY_BODY = YES;
				CLANG_WARN_ENUM_CONVERSION = YES;
				CLANG_WARN_INFINITE_RECURSION = YES;
				CLANG_WARN_INT_CONVERSION = YES;
				CLANG_WARN_NON_LITERAL_NULL_CONVERSION = YES;
				CLANG_WARN_OBJC_LITERAL_CONVERSION = YES;
				CLANG_WARN_OBJC_ROOT_CLASS = YES_ERROR;
				CLANG_WARN_RANGE_LOOP_ANALYSIS = YES;
				CLANG_WARN_STRICT_PROTOTYPES = YES;
				CLANG_WARN_SUSPICIOUS_MOVE = YES;
				CLANG_WARN_UNREACHABLE_CODE = YES;
				CLANG_WARN__DUPLICATE_METHOD_MATCH = YES;
				"CODE_SIGN_IDENTITY[sdk=iphoneos*]" = "iPhone Developer";
				COPY_PHASE_STRIP = NO;
				DEBUG_INFORMATION_FORMAT = "dwarf-with-dsym";
				ENABLE_NS_ASSERTIONS = NO;
				ENABLE_STRICT_OBJC_MSGSEND = YES;
				GCC_C_LANGUAGE_STANDARD = gnu99;
				GCC_NO_COMMON_BLOCKS = YES;
				GCC_WARN_64_TO_32_BIT_CONVERSION = YES;
				GCC_WARN_ABOUT_RETURN_TYPE = YES_ERROR;
				GCC_WARN_UNDECLARED_SELECTOR = YES;
				GCC_WARN_UNINITIALIZED_AUTOS = YES_AGGRESSIVE;
				GCC_WARN_UNUSED_FUNCTION = YES;
				GCC_WARN_UNUSED_VARIABLE = YES;
				IPHONEOS_DEPLOYMENT_TARGET = 11.0;
				MTL_ENABLE_DEBUG_INFO = NO;
				SDKROOT = iphoneos;
				SWIFT_COMPILATION_MODE = wholemodule;
				SWIFT_OPTIMIZATION_LEVEL = "-O";
				VALIDATE_PRODUCT = YES;
			};
			name = Release;
		};
		607FACF01AFB9204008FA782 /* Debug */ = {
			isa = XCBuildConfiguration;
			baseConfigurationReference = C72B76E7B115E1E4B4EF09C3 /* Pods-mobile-mediainfo_Example.debug.xcconfig */;
			buildSettings = {
				ASSETCATALOG_COMPILER_APPICON_NAME = AppIcon;
				CLANG_ENABLE_MODULES = YES;
				CURRENT_PROJECT_VERSION = 0;
				INFOPLIST_FILE = "mobile-mediainfo/Info.plist";
				IPHONEOS_DEPLOYMENT_TARGET = 11;
				LD_RUNPATH_SEARCH_PATHS = (
					"$(inherited)",
					"@executable_path/Frameworks",
				);
				MARKETING_VERSION = 24.06;
				MODULE_NAME = ExampleApp;
				PRODUCT_BUNDLE_IDENTIFIER = "org.cocoapods.demo.$(PRODUCT_NAME:rfc1034identifier)";
				PRODUCT_NAME = "$(TARGET_NAME)";
				SWIFT_OBJC_BRIDGING_HEADER = "mobile-mediainfo/BridgeHeader.h";
				SWIFT_OPTIMIZATION_LEVEL = "-Onone";
				SWIFT_SWIFT3_OBJC_INFERENCE = Default;
				SWIFT_VERSION = 4.0;
			};
			name = Debug;
		};
		607FACF11AFB9204008FA782 /* Release */ = {
			isa = XCBuildConfiguration;
			baseConfigurationReference = 93720C576567C60F8ECD9582 /* Pods-mobile-mediainfo_Example.release.xcconfig */;
			buildSettings = {
				ASSETCATALOG_COMPILER_APPICON_NAME = AppIcon;
				CLANG_ENABLE_MODULES = YES;
				CURRENT_PROJECT_VERSION = 0;
				INFOPLIST_FILE = "mobile-mediainfo/Info.plist";
				IPHONEOS_DEPLOYMENT_TARGET = 11;
				LD_RUNPATH_SEARCH_PATHS = (
					"$(inherited)",
					"@executable_path/Frameworks",
				);
				MARKETING_VERSION = 24.06;
				MODULE_NAME = ExampleApp;
				PRODUCT_BUNDLE_IDENTIFIER = "org.cocoapods.demo.$(PRODUCT_NAME:rfc1034identifier)";
				PRODUCT_NAME = "$(TARGET_NAME)";
				SWIFT_OBJC_BRIDGING_HEADER = "mobile-mediainfo/BridgeHeader.h";
				SWIFT_SWIFT3_OBJC_INFERENCE = Default;
				SWIFT_VERSION = 4.0;
			};
			name = Release;
		};
/* End XCBuildConfiguration section */

/* Begin XCConfigurationList section */
		607FACCB1AFB9204008FA782 /* Build configuration list for PBXProject "mobile-mediainfo" */ = {
			isa = XCConfigurationList;
			buildConfigurations = (
				607FACED1AFB9204008FA782 /* Debug */,
				607FACEE1AFB9204008FA782 /* Release */,
			);
			defaultConfigurationIsVisible = 0;
			defaultConfigurationName = Release;
		};
		607FACEF1AFB9204008FA782 /* Build configuration list for PBXNativeTarget "mobile-mediainfo_Example" */ = {
			isa = XCConfigurationList;
			buildConfigurations = (
				607FACF01AFB9204008FA782 /* Debug */,
				607FACF11AFB9204008FA782 /* Release */,
			);
			defaultConfigurationIsVisible = 0;
			defaultConfigurationName = Release;
		};
/* End XCConfigurationList section */

/* Begin XCVersionGroup section */
		D6B977072426A681004D6608 /* MediaInfo.xcdatamodeld */ = {
			isa = XCVersionGroup;
			children = (
				D6B977082426A681004D6608 /* MediaInfo.xcdatamodel */,
			);
			currentVersion = D6B977082426A681004D6608 /* MediaInfo.xcdatamodel */;
			path = MediaInfo.xcdatamodeld;
			sourceTree = "<group>";
			versionGroupType = wrapper.xcdatamodel;
		};
/* End XCVersionGroup section */
	};
	rootObject = 607FACC81AFB9204008FA782 /* Project object */;
}
